// !$*UTF8*$!
{
	archiveVersion = 1;
	classes = {
	};
	objectVersion = 56;
	objects = {

/* Begin PBXBuildFile section */
		2D1A0A0F293BCCD500ECCE61 /* FirebaseAuth in Frameworks */ = {isa = PBXBuildFile; productRef = 2D1A0A0E293BCCD500ECCE61 /* FirebaseAuth */; };
		2D1A0A11293BCCD500ECCE61 /* FirebaseFirestore in Frameworks */ = {isa = PBXBuildFile; productRef = 2D1A0A10293BCCD500ECCE61 /* FirebaseFirestore */; };
		2D1A0A13293BCCD500ECCE61 /* FirebaseStorage in Frameworks */ = {isa = PBXBuildFile; productRef = 2D1A0A12293BCCD500ECCE61 /* FirebaseStorage */; };
		2D1A0A16293BCD2B00ECCE61 /* SDWebImage in Frameworks */ = {isa = PBXBuildFile; productRef = 2D1A0A15293BCD2B00ECCE61 /* SDWebImage */; };
		2D1A0A18293BCD2B00ECCE61 /* SDWebImageMapKit in Frameworks */ = {isa = PBXBuildFile; productRef = 2D1A0A17293BCD2B00ECCE61 /* SDWebImageMapKit */; };
		2D1A0A1A293BCD7200ECCE61 /* GoogleService-Info-2.plist in Resources */ = {isa = PBXBuildFile; fileRef = 2D1A0A19293BCD7200ECCE61 /* GoogleService-Info-2.plist */; };
		2D2F1242294783AF000C7901 /* PaylasimVC.swift in Sources */ = {isa = PBXBuildFile; fileRef = 2D2F1241294783AF000C7901 /* PaylasimVC.swift */; };
		2D2F1244294783F1000C7901 /* ProfilVC.swift in Sources */ = {isa = PBXBuildFile; fileRef = 2D2F1243294783F1000C7901 /* ProfilVC.swift */; };
		2D2F124629478442000C7901 /* YuklemeVC.swift in Sources */ = {isa = PBXBuildFile; fileRef = 2D2F124529478442000C7901 /* YuklemeVC.swift */; };
		2D2F124829478466000C7901 /* AramaVC.swift in Sources */ = {isa = PBXBuildFile; fileRef = 2D2F124729478466000C7901 /* AramaVC.swift */; };
		2D2F124A29478553000C7901 /* AyarlarVC.swift in Sources */ = {isa = PBXBuildFile; fileRef = 2D2F124929478553000C7901 /* AyarlarVC.swift */; };
		2D32B53B292F52BB00129BAB /* AppDelegate.swift in Sources */ = {isa = PBXBuildFile; fileRef = 2D32B53A292F52BB00129BAB /* AppDelegate.swift */; };
		2D32B53D292F52BB00129BAB /* SceneDelegate.swift in Sources */ = {isa = PBXBuildFile; fileRef = 2D32B53C292F52BB00129BAB /* SceneDelegate.swift */; };
		2D32B53F292F52BB00129BAB /* ViewController.swift in Sources */ = {isa = PBXBuildFile; fileRef = 2D32B53E292F52BB00129BAB /* ViewController.swift */; };
		2D32B542292F52BB00129BAB /* Main.storyboard in Resources */ = {isa = PBXBuildFile; fileRef = 2D32B540292F52BB00129BAB /* Main.storyboard */; };
		2D32B544292F52BC00129BAB /* Assets.xcassets in Resources */ = {isa = PBXBuildFile; fileRef = 2D32B543292F52BC00129BAB /* Assets.xcassets */; };
		2D32B547292F52BC00129BAB /* LaunchScreen.storyboard in Resources */ = {isa = PBXBuildFile; fileRef = 2D32B545292F52BC00129BAB /* LaunchScreen.storyboard */; };
/* End PBXBuildFile section */

/* Begin PBXFileReference section */
		2D1A0A19293BCD7200ECCE61 /* GoogleService-Info-2.plist */ = {isa = PBXFileReference; fileEncoding = 4; lastKnownFileType = text.plist.xml; path = "GoogleService-Info-2.plist"; sourceTree = "<group>"; };
		2D2F1241294783AF000C7901 /* PaylasimVC.swift */ = {isa = PBXFileReference; lastKnownFileType = sourcecode.swift; path = PaylasimVC.swift; sourceTree = "<group>"; };
		2D2F1243294783F1000C7901 /* ProfilVC.swift */ = {isa = PBXFileReference; lastKnownFileType = sourcecode.swift; path = ProfilVC.swift; sourceTree = "<group>"; };
		2D2F124529478442000C7901 /* YuklemeVC.swift */ = {isa = PBXFileReference; lastKnownFileType = sourcecode.swift; path = YuklemeVC.swift; sourceTree = "<group>"; };
		2D2F124729478466000C7901 /* AramaVC.swift */ = {isa = PBXFileReference; lastKnownFileType = sourcecode.swift; path = AramaVC.swift; sourceTree = "<group>"; };
		2D2F124929478553000C7901 /* AyarlarVC.swift */ = {isa = PBXFileReference; lastKnownFileType = sourcecode.swift; path = AyarlarVC.swift; sourceTree = "<group>"; };
		2D32B537292F52BB00129BAB /* SocialApp's.app */ = {isa = PBXFileReference; explicitFileType = wrapper.application; includeInIndex = 0; path = "SocialApp's.app"; sourceTree = BUILT_PRODUCTS_DIR; };
		2D32B53A292F52BB00129BAB /* AppDelegate.swift */ = {isa = PBXFileReference; lastKnownFileType = sourcecode.swift; path = AppDelegate.swift; sourceTree = "<group>"; };
		2D32B53C292F52BB00129BAB /* SceneDelegate.swift */ = {isa = PBXFileReference; lastKnownFileType = sourcecode.swift; path = SceneDelegate.swift; sourceTree = "<group>"; };
		2D32B53E292F52BB00129BAB /* ViewController.swift */ = {isa = PBXFileReference; lastKnownFileType = sourcecode.swift; path = ViewController.swift; sourceTree = "<group>"; };
		2D32B541292F52BB00129BAB /* Base */ = {isa = PBXFileReference; lastKnownFileType = file.storyboard; name = Base; path = Base.lproj/Main.storyboard; sourceTree = "<group>"; };
		2D32B543292F52BC00129BAB /* Assets.xcassets */ = {isa = PBXFileReference; lastKnownFileType = folder.assetcatalog; path = Assets.xcassets; sourceTree = "<group>"; };
		2D32B546292F52BC00129BAB /* Base */ = {isa = PBXFileReference; lastKnownFileType = file.storyboard; name = Base; path = Base.lproj/LaunchScreen.storyboard; sourceTree = "<group>"; };
		2D32B548292F52BC00129BAB /* Info.plist */ = {isa = PBXFileReference; lastKnownFileType = text.plist.xml; path = Info.plist; sourceTree = "<group>"; };
/* End PBXFileReference section */

/* Begin PBXFrameworksBuildPhase section */
		2D32B534292F52BB00129BAB /* Frameworks */ = {
			isa = PBXFrameworksBuildPhase;
			buildActionMask = 2147483647;
			files = (
				2D1A0A0F293BCCD500ECCE61 /* FirebaseAuth in Frameworks */,
				2D1A0A18293BCD2B00ECCE61 /* SDWebImageMapKit in Frameworks */,
				2D1A0A11293BCCD500ECCE61 /* FirebaseFirestore in Frameworks */,
				2D1A0A16293BCD2B00ECCE61 /* SDWebImage in Frameworks */,
				2D1A0A13293BCCD500ECCE61 /* FirebaseStorage in Frameworks */,
			);
			runOnlyForDeploymentPostprocessing = 0;
		};
/* End PBXFrameworksBuildPhase section */

/* Begin PBXGroup section */
		2D32B52E292F52BB00129BAB = {
			isa = PBXGroup;
			children = (
				2D32B539292F52BB00129BAB /* SocialApp's */,
				2D32B538292F52BB00129BAB /* Products */,
			);
			sourceTree = "<group>";
		};
		2D32B538292F52BB00129BAB /* Products */ = {
			isa = PBXGroup;
			children = (
				2D32B537292F52BB00129BAB /* SocialApp's.app */,
			);
			name = Products;
			sourceTree = "<group>";
		};
		2D32B539292F52BB00129BAB /* SocialApp's */ = {
			isa = PBXGroup;
			children = (
				2D32B53A292F52BB00129BAB /* AppDelegate.swift */,
				2D32B53C292F52BB00129BAB /* SceneDelegate.swift */,
				2D32B53E292F52BB00129BAB /* ViewController.swift */,
				2D2F1241294783AF000C7901 /* PaylasimVC.swift */,
				2D2F1243294783F1000C7901 /* ProfilVC.swift */,
				2D2F124529478442000C7901 /* YuklemeVC.swift */,
				2D2F124729478466000C7901 /* AramaVC.swift */,
				2D2F124929478553000C7901 /* AyarlarVC.swift */,
				2D32B540292F52BB00129BAB /* Main.storyboard */,
				2D32B543292F52BC00129BAB /* Assets.xcassets */,
				2D32B545292F52BC00129BAB /* LaunchScreen.storyboard */,
				2D32B548292F52BC00129BAB /* Info.plist */,
				2D1A0A19293BCD7200ECCE61 /* GoogleService-Info-2.plist */,
			);
			path = "SocialApp's";
			sourceTree = "<group>";
		};
/* End PBXGroup section */

/* Begin PBXNativeTarget section */
		2D32B536292F52BB00129BAB /* SocialApp's */ = {
			isa = PBXNativeTarget;
			buildConfigurationList = 2D32B54B292F52BC00129BAB /* Build configuration list for PBXNativeTarget "SocialApp's" */;
			buildPhases = (
				2D32B533292F52BB00129BAB /* Sources */,
				2D32B534292F52BB00129BAB /* Frameworks */,
				2D32B535292F52BB00129BAB /* Resources */,
			);
			buildRules = (
			);
			dependencies = (
			);
			name = "SocialApp's";
			packageProductDependencies = (
				2D1A0A0E293BCCD500ECCE61 /* FirebaseAuth */,
				2D1A0A10293BCCD500ECCE61 /* FirebaseFirestore */,
				2D1A0A12293BCCD500ECCE61 /* FirebaseStorage */,
				2D1A0A15293BCD2B00ECCE61 /* SDWebImage */,
				2D1A0A17293BCD2B00ECCE61 /* SDWebImageMapKit */,
			);
			productName = "SocialApp's";
			productReference = 2D32B537292F52BB00129BAB /* SocialApp's.app */;
			productType = "com.apple.product-type.application";
		};
/* End PBXNativeTarget section */

/* Begin PBXProject section */
		2D32B52F292F52BB00129BAB /* Project object */ = {
			isa = PBXProject;
			attributes = {
				BuildIndependentTargetsInParallel = 1;
				LastSwiftUpdateCheck = 1410;
				LastUpgradeCheck = 1410;
				TargetAttributes = {
					2D32B536292F52BB00129BAB = {
						CreatedOnToolsVersion = 14.1;
					};
				};
			};
			buildConfigurationList = 2D32B532292F52BB00129BAB /* Build configuration list for PBXProject "SocialApp's" */;
			compatibilityVersion = "Xcode 14.0";
			developmentRegion = en;
			hasScannedForEncodings = 0;
			knownRegions = (
				en,
				Base,
			);
			mainGroup = 2D32B52E292F52BB00129BAB;
			packageReferences = (
				2D1A0A0D293BCCD500ECCE61 /* XCRemoteSwiftPackageReference "firebase-ios-sdk" */,
				2D1A0A14293BCD2B00ECCE61 /* XCRemoteSwiftPackageReference "SDWebImage" */,
			);
			productRefGroup = 2D32B538292F52BB00129BAB /* Products */;
			projectDirPath = "";
			projectRoot = "";
			targets = (
				2D32B536292F52BB00129BAB /* SocialApp's */,
			);
		};
/* End PBXProject section */

/* Begin PBXResourcesBuildPhase section */
		2D32B535292F52BB00129BAB /* Resources */ = {
			isa = PBXResourcesBuildPhase;
			buildActionMask = 2147483647;
			files = (
				2D32B547292F52BC00129BAB /* LaunchScreen.storyboard in Resources */,
				2D32B544292F52BC00129BAB /* Assets.xcassets in Resources */,
				2D1A0A1A293BCD7200ECCE61 /* GoogleService-Info-2.plist in Resources */,
				2D32B542292F52BB00129BAB /* Main.storyboard in Resources */,
			);
			runOnlyForDeploymentPostprocessing = 0;
		};
/* End PBXResourcesBuildPhase section */

/* Begin PBXSourcesBuildPhase section */
		2D32B533292F52BB00129BAB /* Sources */ = {
			isa = PBXSourcesBuildPhase;
			buildActionMask = 2147483647;
			files = (
				2D2F1244294783F1000C7901 /* ProfilVC.swift in Sources */,
				2D2F1242294783AF000C7901 /* PaylasimVC.swift in Sources */,
				2D32B53F292F52BB00129BAB /* ViewController.swift in Sources */,
				2D32B53B292F52BB00129BAB /* AppDelegate.swift in Sources */,
				2D32B53D292F52BB00129BAB /* SceneDelegate.swift in Sources */,
				2D2F124629478442000C7901 /* YuklemeVC.swift in Sources */,
				2D2F124829478466000C7901 /* AramaVC.swift in Sources */,
				2D2F124A29478553000C7901 /* AyarlarVC.swift in Sources */,
			);
			runOnlyForDeploymentPostprocessing = 0;
		};
/* End PBXSourcesBuildPhase section */

/* Begin PBXVariantGroup section */
		2D32B540292F52BB00129BAB /* Main.storyboard */ = {
			isa = PBXVariantGroup;
			children = (
				2D32B541292F52BB00129BAB /* Base */,
			);
			name = Main.storyboard;
			sourceTree = "<group>";
		};
		2D32B545292F52BC00129BAB /* LaunchScreen.storyboard */ = {
			isa = PBXVariantGroup;
			children = (
				2D32B546292F52BC00129BAB /* Base */,
			);
			name = LaunchScreen.storyboard;
			sourceTree = "<group>";
		};
/* End PBXVariantGroup section */

/* Begin XCBuildConfiguration section */
		2D32B549292F52BC00129BAB /* Debug */ = {
			isa = XCBuildConfiguration;
			buildSettings = {
				ALWAYS_SEARCH_USER_PATHS = NO;
				CLANG_ANALYZER_NONNULL = YES;
				CLANG_ANALYZER_NUMBER_OBJECT_CONVERSION = YES_AGGRESSIVE;
				CLANG_CXX_LANGUAGE_STANDARD = "gnu++20";
				CLANG_ENABLE_MODULES = YES;
				CLANG_ENABLE_OBJC_ARC = YES;
				CLANG_ENABLE_OBJC_WEAK = YES;
				CLANG_WARN_BLOCK_CAPTURE_AUTORELEASING = YES;
				CLANG_WARN_BOOL_CONVERSION = YES;
				CLANG_WARN_COMMA = YES;
				CLANG_WARN_CONSTANT_CONVERSION = YES;
				CLANG_WARN_DEPRECATED_OBJC_IMPLEMENTATIONS = YES;
				CLANG_WARN_DIRECT_OBJC_ISA_USAGE = YES_ERROR;
				CLANG_WARN_DOCUMENTATION_COMMENTS = YES;
				CLANG_WARN_EMPTY_BODY = YES;
				CLANG_WARN_ENUM_CONVERSION = YES;
				CLANG_WARN_INFINITE_RECURSION = YES;
				CLANG_WARN_INT_CONVERSION = YES;
				CLANG_WARN_NON_LITERAL_NULL_CONVERSION = YES;
				CLANG_WARN_OBJC_IMPLICIT_RETAIN_SELF = YES;
				CLANG_WARN_OBJC_LITERAL_CONVERSION = YES;
				CLANG_WARN_OBJC_ROOT_CLASS = YES_ERROR;
				CLANG_WARN_QUOTED_INCLUDE_IN_FRAMEWORK_HEADER = YES;
				CLANG_WARN_RANGE_LOOP_ANALYSIS = YES;
				CLANG_WARN_STRICT_PROTOTYPES = YES;
				CLANG_WARN_SUSPICIOUS_MOVE = YES;
				CLANG_WARN_UNGUARDED_AVAILABILITY = YES_AGGRESSIVE;
				CLANG_WARN_UNREACHABLE_CODE = YES;
				CLANG_WARN__DUPLICATE_METHOD_MATCH = YES;
				COPY_PHASE_STRIP = NO;
				DEBUG_INFORMATION_FORMAT = dwarf;
				ENABLE_STRICT_OBJC_MSGSEND = YES;
				ENABLE_TESTABILITY = YES;
				GCC_C_LANGUAGE_STANDARD = gnu11;
				GCC_DYNAMIC_NO_PIC = NO;
				GCC_NO_COMMON_BLOCKS = YES;
				GCC_OPTIMIZATION_LEVEL = 0;
				GCC_PREPROCESSOR_DEFINITIONS = (
					"DEBUG=1",
					"$(inherited)",
				);
				GCC_WARN_64_TO_32_BIT_CONVERSION = YES;
				GCC_WARN_ABOUT_RETURN_TYPE = YES_ERROR;
				GCC_WARN_UNDECLARED_SELECTOR = YES;
				GCC_WARN_UNINITIALIZED_AUTOS = YES_AGGRESSIVE;
				GCC_WARN_UNUSED_FUNCTION = YES;
				GCC_WARN_UNUSED_VARIABLE = YES;
				IPHONEOS_DEPLOYMENT_TARGET = 16.1;
				MTL_ENABLE_DEBUG_INFO = INCLUDE_SOURCE;
				MTL_FAST_MATH = YES;
				ONLY_ACTIVE_ARCH = YES;
				SDKROOT = iphoneos;
				SWIFT_ACTIVE_COMPILATION_CONDITIONS = DEBUG;
				SWIFT_OPTIMIZATION_LEVEL = "-Onone";
			};
			name = Debug;
		};
		2D32B54A292F52BC00129BAB /* Release */ = {
			isa = XCBuildConfiguration;
			buildSettings = {
				ALWAYS_SEARCH_USER_PATHS = NO;
				CLANG_ANALYZER_NONNULL = YES;
				CLANG_ANALYZER_NUMBER_OBJECT_CONVERSION = YES_AGGRESSIVE;
				CLANG_CXX_LANGUAGE_STANDARD = "gnu++20";
				CLANG_ENABLE_MODULES = YES;
				CLANG_ENABLE_OBJC_ARC = YES;
				CLANG_ENABLE_OBJC_WEAK = YES;
				CLANG_WARN_BLOCK_CAPTURE_AUTORELEASING = YES;
				CLANG_WARN_BOOL_CONVERSION = YES;
				CLANG_WARN_COMMA = YES;
				CLANG_WARN_CONSTANT_CONVERSION = YES;
				CLANG_WARN_DEPRECATED_OBJC_IMPLEMENTATIONS = YES;
				CLANG_WARN_DIRECT_OBJC_ISA_USAGE = YES_ERROR;
				CLANG_WARN_DOCUMENTATION_COMMENTS = YES;
				CLANG_WARN_EMPTY_BODY = YES;
				CLANG_WARN_ENUM_CONVERSION = YES;
				CLANG_WARN_INFINITE_RECURSION = YES;
				CLANG_WARN_INT_CONVERSION = YES;
				CLANG_WARN_NON_LITERAL_NULL_CONVERSION = YES;
				CLANG_WARN_OBJC_IMPLICIT_RETAIN_SELF = YES;
				CLANG_WARN_OBJC_LITERAL_CONVERSION = YES;
				CLANG_WARN_OBJC_ROOT_CLASS = YES_ERROR;
				CLANG_WARN_QUOTED_INCLUDE_IN_FRAMEWORK_HEADER = YES;
				CLANG_WARN_RANGE_LOOP_ANALYSIS = YES;
				CLANG_WARN_STRICT_PROTOTYPES = YES;
				CLANG_WARN_SUSPICIOUS_MOVE = YES;
				CLANG_WARN_UNGUARDED_AVAILABILITY = YES_AGGRESSIVE;
				CLANG_WARN_UNREACHABLE_CODE = YES;
				CLANG_WARN__DUPLICATE_METHOD_MATCH = YES;
				COPY_PHASE_STRIP = NO;
				DEBUG_INFORMATION_FORMAT = "dwarf-with-dsym";
				ENABLE_NS_ASSERTIONS = NO;
				ENABLE_STRICT_OBJC_MSGSEND = YES;
				GCC_C_LANGUAGE_STANDARD = gnu11;
				GCC_NO_COMMON_BLOCKS = YES;
				GCC_WARN_64_TO_32_BIT_CONVERSION = YES;
				GCC_WARN_ABOUT_RETURN_TYPE = YES_ERROR;
				GCC_WARN_UNDECLARED_SELECTOR = YES;
				GCC_WARN_UNINITIALIZED_AUTOS = YES_AGGRESSIVE;
				GCC_WARN_UNUSED_FUNCTION = YES;
				GCC_WARN_UNUSED_VARIABLE = YES;
				IPHONEOS_DEPLOYMENT_TARGET = 16.1;
				MTL_ENABLE_DEBUG_INFO = NO;
				MTL_FAST_MATH = YES;
				SDKROOT = iphoneos;
				SWIFT_COMPILATION_MODE = wholemodule;
				SWIFT_OPTIMIZATION_LEVEL = "-O";
				VALIDATE_PRODUCT = YES;
			};
			name = Release;
		};
		2D32B54C292F52BC00129BAB /* Debug */ = {
			isa = XCBuildConfiguration;
			buildSettings = {
				ASSETCATALOG_COMPILER_APPICON_NAME = AppIcon;
				ASSETCATALOG_COMPILER_GLOBAL_ACCENT_COLOR_NAME = AccentColor;
				CODE_SIGN_STYLE = Automatic;
				CURRENT_PROJECT_VERSION = 1;
				DEVELOPMENT_TEAM = 4N68KL7P3X;
				GENERATE_INFOPLIST_FILE = YES;
				INFOPLIST_FILE = "SocialApp's/Info.plist";
				INFOPLIST_KEY_NSAppleMusicUsageDescription = "Fotoğraf yükleyebilmek için galerinize erişmemize izin verir misiniz?";
				INFOPLIST_KEY_UIApplicationSupportsIndirectInputEvents = YES;
				INFOPLIST_KEY_UILaunchStoryboardName = LaunchScreen;
				INFOPLIST_KEY_UIMainStoryboardFile = Main;
				INFOPLIST_KEY_UISupportedInterfaceOrientations_iPad = "UIInterfaceOrientationPortrait UIInterfaceOrientationPortraitUpsideDown UIInterfaceOrientationLandscapeLeft UIInterfaceOrientationLandscapeRight";
				INFOPLIST_KEY_UISupportedInterfaceOrientations_iPhone = "UIInterfaceOrientationPortrait UIInterfaceOrientationLandscapeLeft UIInterfaceOrientationLandscapeRight";
				LD_RUNPATH_SEARCH_PATHS = (
					"$(inherited)",
					"@executable_path/Frameworks",
				);
				MARKETING_VERSION = 1.0;
				PRODUCT_BUNDLE_IDENTIFIER = "com.erbilcan.SocialApp-s";
				PRODUCT_NAME = "$(TARGET_NAME)";
				SWIFT_EMIT_LOC_STRINGS = YES;
				SWIFT_VERSION = 5.0;
				TARGETED_DEVICE_FAMILY = "1,2";
			};
			name = Debug;
		};
		2D32B54D292F52BC00129BAB /* Release */ = {
			isa = XCBuildConfiguration;
			buildSettings = {
				ASSETCATALOG_COMPILER_APPICON_NAME = AppIcon;
				ASSETCATALOG_COMPILER_GLOBAL_ACCENT_COLOR_NAME = AccentColor;
				CODE_SIGN_STYLE = Automatic;
				CURRENT_PROJECT_VERSION = 1;
				DEVELOPMENT_TEAM = 4N68KL7P3X;
				GENERATE_INFOPLIST_FILE = YES;
				INFOPLIST_FILE = "SocialApp's/Info.plist";
				INFOPLIST_KEY_NSAppleMusicUsageDescription = "Fotoğraf yükleyebilmek için galerinize erişmemize izin verir misiniz?";
				INFOPLIST_KEY_UIApplicationSupportsIndirectInputEvents = YES;
				INFOPLIST_KEY_UILaunchStoryboardName = LaunchScreen;
				INFOPLIST_KEY_UIMainStoryboardFile = Main;
				INFOPLIST_KEY_UISupportedInterfaceOrientations_iPad = "UIInterfaceOrientationPortrait UIInterfaceOrientationPortraitUpsideDown UIInterfaceOrientationLandscapeLeft UIInterfaceOrientationLandscapeRight";
				INFOPLIST_KEY_UISupportedInterfaceOrientations_iPhone = "UIInterfaceOrientationPortrait UIInterfaceOrientationLandscapeLeft UIInterfaceOrientationLandscapeRight";
				LD_RUNPATH_SEARCH_PATHS = (
					"$(inherited)",
					"@executable_path/Frameworks",
				);
				MARKETING_VERSION = 1.0;
				PRODUCT_BUNDLE_IDENTIFIER = "com.erbilcan.SocialApp-s";
				PRODUCT_NAME = "$(TARGET_NAME)";
				SWIFT_EMIT_LOC_STRINGS = YES;
				SWIFT_VERSION = 5.0;
				TARGETED_DEVICE_FAMILY = "1,2";
			};
			name = Release;
		};
/* End XCBuildConfiguration section */

/* Begin XCConfigurationList section */
		2D32B532292F52BB00129BAB /* Build configuration list for PBXProject "SocialApp's" */ = {
			isa = XCConfigurationList;
			buildConfigurations = (
				2D32B549292F52BC00129BAB /* Debug */,
				2D32B54A292F52BC00129BAB /* Release */,
			);
			defaultConfigurationIsVisible = 0;
			defaultConfigurationName = Release;
		};
		2D32B54B292F52BC00129BAB /* Build configuration list for PBXNativeTarget "SocialApp's" */ = {
			isa = XCConfigurationList;
			buildConfigurations = (
				2D32B54C292F52BC00129BAB /* Debug */,
				2D32B54D292F52BC00129BAB /* Release */,
			);
			defaultConfigurationIsVisible = 0;
			defaultConfigurationName = Release;
		};
/* End XCConfigurationList section */

/* Begin XCRemoteSwiftPackageReference section */
		2D1A0A0D293BCCD500ECCE61 /* XCRemoteSwiftPackageReference "firebase-ios-sdk" */ = {
			isa = XCRemoteSwiftPackageReference;
			repositoryURL = "https://github.com/firebase/firebase-ios-sdk";
			requirement = {
				branch = master;
				kind = branch;
			};
		};
		2D1A0A14293BCD2B00ECCE61 /* XCRemoteSwiftPackageReference "SDWebImage" */ = {
			isa = XCRemoteSwiftPackageReference;
			repositoryURL = "https://github.com/SDWebImage/SDWebImage.git";
			requirement = {
				branch = master;
				kind = branch;
			};
		};
/* End XCRemoteSwiftPackageReference section */

/* Begin XCSwiftPackageProductDependency section */
		2D1A0A0E293BCCD500ECCE61 /* FirebaseAuth */ = {
			isa = XCSwiftPackageProductDependency;
			package = 2D1A0A0D293BCCD500ECCE61 /* XCRemoteSwiftPackageReference "firebase-ios-sdk" */;
			productName = FirebaseAuth;
		};
		2D1A0A10293BCCD500ECCE61 /* FirebaseFirestore */ = {
			isa = XCSwiftPackageProductDependency;
			package = 2D1A0A0D293BCCD500ECCE61 /* XCRemoteSwiftPackageReference "firebase-ios-sdk" */;
			productName = FirebaseFirestore;
		};
		2D1A0A12293BCCD500ECCE61 /* FirebaseStorage */ = {
			isa = XCSwiftPackageProductDependency;
			package = 2D1A0A0D293BCCD500ECCE61 /* XCRemoteSwiftPackageReference "firebase-ios-sdk" */;
			productName = FirebaseStorage;
		};
		2D1A0A15293BCD2B00ECCE61 /* SDWebImage */ = {
			isa = XCSwiftPackageProductDependency;
			package = 2D1A0A14293BCD2B00ECCE61 /* XCRemoteSwiftPackageReference "SDWebImage" */;
			productName = SDWebImage;
		};
		2D1A0A17293BCD2B00ECCE61 /* SDWebImageMapKit */ = {
			isa = XCSwiftPackageProductDependency;
			package = 2D1A0A14293BCD2B00ECCE61 /* XCRemoteSwiftPackageReference "SDWebImage" */;
			productName = SDWebImageMapKit;
		};
/* End XCSwiftPackageProductDependency section */
	};
	rootObject = 2D32B52F292F52BB00129BAB /* Project object */;
}
